{
  "name": "generated-theme",
  "version": "0.0.1",
  "lockfileVersion": 2,
  "requires": true,
  "packages": {
    "": {
      "name": "generated-theme",
      "version": "0.0.1",
      "license": "MIT",
      "devDependencies": {
        "@types/node": "^17.0.18",
        "typescript": "^4.5.5",
        "vscode-theme-generator": "*"
      },
      "engines": {
        "vscode": "^1.11.0"
      }
    },
    "node_modules/@types/node": {
      "version": "17.0.18",
      "resolved": "https://registry.npmjs.org/@types/node/-/node-17.0.18.tgz",
      "integrity": "sha512-eKj4f/BsN/qcculZiRSujogjvp5O/k4lOW5m35NopjZM/QwLOR075a8pJW5hD+Rtdm2DaCVPENS6KtSQnUD6BA==",
      "dev": true
    },
    "node_modules/typescript": {
      "version": "4.5.5",
      "resolved": "https://registry.npmjs.org/typescript/-/typescript-4.5.5.tgz",
      "integrity": "sha512-TCTIul70LyWe6IJWT8QSYeA54WQe8EjQFU4wY52Fasj5UKx88LNYKCgBEHcOMOrFF1rKGbD8v/xcNWVUq9SymA==",
      "dev": true,
      "bin": {
        "tsc": "bin/tsc",
        "tsserver": "bin/tsserver"
      },
      "engines": {
        "node": ">=4.2.0"
      }
    },
    "node_modules/vscode-theme-generator": {
      "version": "0.2.1",
      "resolved": "https://registry.npmjs.org/vscode-theme-generator/-/vscode-theme-generator-0.2.1.tgz",
      "integrity": "sha512-LAj/9Sy0ag0ZlUoTLpFZdnc/4GaEBsB8Fo1cDp9cttlT1vcbM0vUnyiwm4KmNwjtz8dJVJo3VIXqAehCRXlcxA==",
      "dev": true
    }
  },
  "dependencies": {
    "@types/node": {
      "version": "17.0.18",
      "resolved": "https://registry.npmjs.org/@types/node/-/node-17.0.18.tgz",
      "integrity": "sha512-eKj4f/BsN/qcculZiRSujogjvp5O/k4lOW5m35NopjZM/QwLOR075a8pJW5hD+Rtdm2DaCVPENS6KtSQnUD6BA==",
      "dev": true
    },
    "typescript": {
      "version": "4.5.5",
      "resolved": "https://registry.npmjs.org/typescript/-/typescript-4.5.5.tgz",
      "integrity": "sha512-TCTIul70LyWe6IJWT8QSYeA54WQe8EjQFU4wY52Fasj5UKx88LNYKCgBEHcOMOrFF1rKGbD8v/xcNWVUq9SymA==",
      "dev": true
    },
    "vscode-theme-generator": {
      "version": "0.2.1",
      "resolved": "https://registry.npmjs.org/vscode-theme-generator/-/vscode-theme-generator-0.2.1.tgz",
      "integrity": "sha512-LAj/9Sy0ag0ZlUoTLpFZdnc/4GaEBsB8Fo1cDp9cttlT1vcbM0vUnyiwm4KmNwjtz8dJVJo3VIXqAehCRXlcxA==",
      "dev": true
    }
  }
}
